
Microsoft Visual Studio Solution File, Format Version 12.00
# Visual Studio 15
VisualStudioVersion = 15.0.28010.2026
MinimumVisualStudioVersion = 10.0.40219.1
Project("{FAE04EC0-301F-11D3-BF4B-00C04F79EFBC}") = "ExceptionProgram", "ExceptionProgram\ExceptionProgram.csproj", "{B95A6C72-C2BA-4A54-840D-52E94BAE0C07}"
EndProject
Global
	GlobalSection(SolutionConfigurationPlatforms) = preSolution
		Debug|Any CPU = Debug|Any CPU
		Release|Any CPU = Release|Any CPU
	EndGlobalSection
	GlobalSection(ProjectConfigurationPlatforms) = postSolution
		{B95A6C72-C2BA-4A54-840D-52E94BAE0C07}.Debug|Any CPU.ActiveCfg = Debug|Any CPU
		{B95A6C72-C2BA-4A54-840D-52E94BAE0C07}.Debug|Any CPU.Build.0 = Debug|Any CPU
		{B95A6C72-C2BA-4A54-840D-52E94BAE0C07}.Release|Any CPU.ActiveCfg = Release|Any CPU
		{B95A6C72-C2BA-4A54-840D-52E94BAE0C07}.Release|Any CPU.Build.0 = Release|Any CPU
	EndGlobalSection
	GlobalSection(SolutionProperties) = preSolution
		HideSolutionNode = FALSE
	EndGlobalSection
	GlobalSection(ExtensibilityGlobals) = postSolution
		SolutionGuid = {4AA71C05-2EF5-4613-8C1D-E286407FFC50}
	EndGlobalSection
EndGlobal
